// !$*UTF8*$!
{
	archiveVersion = 1;
	classes = {
	};
	objectVersion = 50;
	objects = {

/* Begin PBXBuildFile section */
		3A2DF426206C55990081F941 /* activity.swift in Sources */ = {isa = PBXBuildFile; fileRef = 3A2DF425206C55990081F941 /* activity.swift */; };
		3A742012204E24840024AE28 /* AppDelegate.swift in Sources */ = {isa = PBXBuildFile; fileRef = 3A742011204E24840024AE28 /* AppDelegate.swift */; };
		3A742014204E24840024AE28 /* ViewController.swift in Sources */ = {isa = PBXBuildFile; fileRef = 3A742013204E24840024AE28 /* ViewController.swift */; };
		3A742017204E24840024AE28 /* Main.storyboard in Resources */ = {isa = PBXBuildFile; fileRef = 3A742015204E24840024AE28 /* Main.storyboard */; };
		3A742019204E248C0024AE28 /* Assets.xcassets in Resources */ = {isa = PBXBuildFile; fileRef = 3A742018204E248C0024AE28 /* Assets.xcassets */; };
		3A74201C204E248C0024AE28 /* LaunchScreen.storyboard in Resources */ = {isa = PBXBuildFile; fileRef = 3A74201A204E248C0024AE28 /* LaunchScreen.storyboard */; };
		3A742027204E248C0024AE28 /* selfiegramagainTests.swift in Sources */ = {isa = PBXBuildFile; fileRef = 3A742026204E248C0024AE28 /* selfiegramagainTests.swift */; };
		3A742032204E248C0024AE28 /* selfiegramagainUITests.swift in Sources */ = {isa = PBXBuildFile; fileRef = 3A742031204E248C0024AE28 /* selfiegramagainUITests.swift */; };
		3A74204220506A130024AE28 /* ProfileViewController.swift in Sources */ = {isa = PBXBuildFile; fileRef = 3A74204120506A130024AE28 /* ProfileViewController.swift */; };
		3A7420442050B9B80024AE28 /* User.swift in Sources */ = {isa = PBXBuildFile; fileRef = 3A7420432050B9B80024AE28 /* User.swift */; };
		3A9EC57920574820008C14C9 /* FeedViewController.swift in Sources */ = {isa = PBXBuildFile; fileRef = 3A9EC57820574820008C14C9 /* FeedViewController.swift */; };
		3AAEFFC52072EA5700ADA03A /* ActivityViewControllerTableViewController.swift in Sources */ = {isa = PBXBuildFile; fileRef = 3AAEFFC42072EA5700ADA03A /* ActivityViewControllerTableViewController.swift */; };
		3AAEFFC72072EA7C00ADA03A /* ActivityCellTableViewCell.swift in Sources */ = {isa = PBXBuildFile; fileRef = 3AAEFFC62072EA7C00ADA03A /* ActivityCellTableViewCell.swift */; };
		3AB690E82059F7BB006D2116 /* SelfieCell.swift in Sources */ = {isa = PBXBuildFile; fileRef = 3AB690E72059F7BB006D2116 /* SelfieCell.swift */; };
		3ACE96DC20532E2100CA795C /* Post.swift in Sources */ = {isa = PBXBuildFile; fileRef = 3ACE96DB20532E2100CA795C /* Post.swift */; };
		669105A4495FC870C37FCE79 /* Pods_selfiegramagain.framework in Frameworks */ = {isa = PBXBuildFile; fileRef = 73EA6BF6F7A95D6B396E80A8 /* Pods_selfiegramagain.framework */; };
		76025DBB38AE961DA805E2D4 /* Pods_selfiegramagainUITests.framework in Frameworks */ = {isa = PBXBuildFile; fileRef = 66081DBB3888F2FF4FCB6ED7 /* Pods_selfiegramagainUITests.framework */; };
		AB4ACF04A433AF781334E327 /* Pods_selfiegramagainTests.framework in Frameworks */ = {isa = PBXBuildFile; fileRef = A0259E8E95544E526CE68B5B /* Pods_selfiegramagainTests.framework */; };
/* End PBXBuildFile section */

/* Begin PBXContainerItemProxy section */
		3A742023204E248C0024AE28 /* PBXContainerItemProxy */ = {
			isa = PBXContainerItemProxy;
			containerPortal = 3A742006204E24840024AE28 /* Project object */;
			proxyType = 1;
			remoteGlobalIDString = 3A74200D204E24840024AE28;
			remoteInfo = selfiegramagain;
		};
		3A74202E204E248C0024AE28 /* PBXContainerItemProxy */ = {
			isa = PBXContainerItemProxy;
			containerPortal = 3A742006204E24840024AE28 /* Project object */;
			proxyType = 1;
			remoteGlobalIDString = 3A74200D204E24840024AE28;
			remoteInfo = selfiegramagain;
		};
/* End PBXContainerItemProxy section */

/* Begin PBXFileReference section */
		25AFDE75C1716E2747721217 /* Pods-selfiegramagain.release.xcconfig */ = {isa = PBXFileReference; includeInIndex = 1; lastKnownFileType = text.xcconfig; name = "Pods-selfiegramagain.release.xcconfig"; path = "Pods/Target Support Files/Pods-selfiegramagain/Pods-selfiegramagain.release.xcconfig"; sourceTree = "<group>"; };
		3A2DF425206C55990081F941 /* activity.swift */ = {isa = PBXFileReference; lastKnownFileType = sourcecode.swift; path = activity.swift; sourceTree = "<group>"; };
		3A74200E204E24840024AE28 /* selfiegramagain.app */ = {isa = PBXFileReference; explicitFileType = wrapper.application; includeInIndex = 0; path = selfiegramagain.app; sourceTree = BUILT_PRODUCTS_DIR; };
		3A742011204E24840024AE28 /* AppDelegate.swift */ = {isa = PBXFileReference; lastKnownFileType = sourcecode.swift; path = AppDelegate.swift; sourceTree = "<group>"; };
		3A742013204E24840024AE28 /* ViewController.swift */ = {isa = PBXFileReference; lastKnownFileType = sourcecode.swift; path = ViewController.swift; sourceTree = "<group>"; };
		3A742016204E24840024AE28 /* Base */ = {isa = PBXFileReference; lastKnownFileType = file.storyboard; name = Base; path = Base.lproj/Main.storyboard; sourceTree = "<group>"; };
		3A742018204E248C0024AE28 /* Assets.xcassets */ = {isa = PBXFileReference; lastKnownFileType = folder.assetcatalog; path = Assets.xcassets; sourceTree = "<group>"; };
		3A74201B204E248C0024AE28 /* Base */ = {isa = PBXFileReference; lastKnownFileType = file.storyboard; name = Base; path = Base.lproj/LaunchScreen.storyboard; sourceTree = "<group>"; };
		3A74201D204E248C0024AE28 /* Info.plist */ = {isa = PBXFileReference; lastKnownFileType = text.plist.xml; path = Info.plist; sourceTree = "<group>"; };
		3A742022204E248C0024AE28 /* selfiegramagainTests.xctest */ = {isa = PBXFileReference; explicitFileType = wrapper.cfbundle; includeInIndex = 0; path = selfiegramagainTests.xctest; sourceTree = BUILT_PRODUCTS_DIR; };
		3A742026204E248C0024AE28 /* selfiegramagainTests.swift */ = {isa = PBXFileReference; lastKnownFileType = sourcecode.swift; path = selfiegramagainTests.swift; sourceTree = "<group>"; };
		3A742028204E248C0024AE28 /* Info.plist */ = {isa = PBXFileReference; lastKnownFileType = text.plist.xml; path = Info.plist; sourceTree = "<group>"; };
		3A74202D204E248C0024AE28 /* selfiegramagainUITests.xctest */ = {isa = PBXFileReference; explicitFileType = wrapper.cfbundle; includeInIndex = 0; path = selfiegramagainUITests.xctest; sourceTree = BUILT_PRODUCTS_DIR; };
		3A742031204E248C0024AE28 /* selfiegramagainUITests.swift */ = {isa = PBXFileReference; lastKnownFileType = sourcecode.swift; path = selfiegramagainUITests.swift; sourceTree = "<group>"; };
		3A742033204E248C0024AE28 /* Info.plist */ = {isa = PBXFileReference; lastKnownFileType = text.plist.xml; path = Info.plist; sourceTree = "<group>"; };
		3A74204120506A130024AE28 /* ProfileViewController.swift */ = {isa = PBXFileReference; lastKnownFileType = sourcecode.swift; path = ProfileViewController.swift; sourceTree = "<group>"; };
		3A7420432050B9B80024AE28 /* User.swift */ = {isa = PBXFileReference; lastKnownFileType = sourcecode.swift; path = User.swift; sourceTree = "<group>"; };
		3A9EC57820574820008C14C9 /* FeedViewController.swift */ = {isa = PBXFileReference; lastKnownFileType = sourcecode.swift; path = FeedViewController.swift; sourceTree = "<group>"; };
		3AAEFFC42072EA5700ADA03A /* ActivityViewControllerTableViewController.swift */ = {isa = PBXFileReference; lastKnownFileType = sourcecode.swift; path = ActivityViewControllerTableViewController.swift; sourceTree = "<group>"; };
		3AAEFFC62072EA7C00ADA03A /* ActivityCellTableViewCell.swift */ = {isa = PBXFileReference; lastKnownFileType = sourcecode.swift; path = ActivityCellTableViewCell.swift; sourceTree = "<group>"; };
		3AB690E72059F7BB006D2116 /* SelfieCell.swift */ = {isa = PBXFileReference; fileEncoding = 4; lastKnownFileType = sourcecode.swift; path = SelfieCell.swift; sourceTree = "<group>"; };
		3ACE96DB20532E2100CA795C /* Post.swift */ = {isa = PBXFileReference; lastKnownFileType = sourcecode.swift; path = Post.swift; sourceTree = "<group>"; };
		41F06A1E5C7CE2EAA2DEC48A /* Pods-selfiegramagain.debug.xcconfig */ = {isa = PBXFileReference; includeInIndex = 1; lastKnownFileType = text.xcconfig; name = "Pods-selfiegramagain.debug.xcconfig"; path = "Pods/Target Support Files/Pods-selfiegramagain/Pods-selfiegramagain.debug.xcconfig"; sourceTree = "<group>"; };
		66081DBB3888F2FF4FCB6ED7 /* Pods_selfiegramagainUITests.framework */ = {isa = PBXFileReference; explicitFileType = wrapper.framework; includeInIndex = 0; path = Pods_selfiegramagainUITests.framework; sourceTree = BUILT_PRODUCTS_DIR; };
		6F6E876099E67305A67A8E8B /* Pods-selfiegramagainUITests.release.xcconfig */ = {isa = PBXFileReference; includeInIndex = 1; lastKnownFileType = text.xcconfig; name = "Pods-selfiegramagainUITests.release.xcconfig"; path = "Pods/Target Support Files/Pods-selfiegramagainUITests/Pods-selfiegramagainUITests.release.xcconfig"; sourceTree = "<group>"; };
		73EA6BF6F7A95D6B396E80A8 /* Pods_selfiegramagain.framework */ = {isa = PBXFileReference; explicitFileType = wrapper.framework; includeInIndex = 0; path = Pods_selfiegramagain.framework; sourceTree = BUILT_PRODUCTS_DIR; };
		8C7C4CE054B73F783C8C2E06 /* Pods-selfiegramagainUITests.debug.xcconfig */ = {isa = PBXFileReference; includeInIndex = 1; lastKnownFileType = text.xcconfig; name = "Pods-selfiegramagainUITests.debug.xcconfig"; path = "Pods/Target Support Files/Pods-selfiegramagainUITests/Pods-selfiegramagainUITests.debug.xcconfig"; sourceTree = "<group>"; };
		A0259E8E95544E526CE68B5B /* Pods_selfiegramagainTests.framework */ = {isa = PBXFileReference; explicitFileType = wrapper.framework; includeInIndex = 0; path = Pods_selfiegramagainTests.framework; sourceTree = BUILT_PRODUCTS_DIR; };
		C2C71A57C0CC4C9ECE88863C /* Pods-selfiegramagainTests.debug.xcconfig */ = {isa = PBXFileReference; includeInIndex = 1; lastKnownFileType = text.xcconfig; name = "Pods-selfiegramagainTests.debug.xcconfig"; path = "Pods/Target Support Files/Pods-selfiegramagainTests/Pods-selfiegramagainTests.debug.xcconfig"; sourceTree = "<group>"; };
		FA7B11EEC1419729072FB830 /* Pods-selfiegramagainTests.release.xcconfig */ = {isa = PBXFileReference; includeInIndex = 1; lastKnownFileType = text.xcconfig; name = "Pods-selfiegramagainTests.release.xcconfig"; path = "Pods/Target Support Files/Pods-selfiegramagainTests/Pods-selfiegramagainTests.release.xcconfig"; sourceTree = "<group>"; };
/* End PBXFileReference section */

/* Begin PBXFrameworksBuildPhase section */
		3A74200B204E24840024AE28 /* Frameworks */ = {
			isa = PBXFrameworksBuildPhase;
			buildActionMask = 2147483647;
			files = (
				669105A4495FC870C37FCE79 /* Pods_selfiegramagain.framework in Frameworks */,
			);
			runOnlyForDeploymentPostprocessing = 0;
		};
		3A74201F204E248C0024AE28 /* Frameworks */ = {
			isa = PBXFrameworksBuildPhase;
			buildActionMask = 2147483647;
			files = (
				AB4ACF04A433AF781334E327 /* Pods_selfiegramagainTests.framework in Frameworks */,
			);
			runOnlyForDeploymentPostprocessing = 0;
		};
		3A74202A204E248C0024AE28 /* Frameworks */ = {
			isa = PBXFrameworksBuildPhase;
			buildActionMask = 2147483647;
			files = (
				76025DBB38AE961DA805E2D4 /* Pods_selfiegramagainUITests.framework in Frameworks */,
			);
			runOnlyForDeploymentPostprocessing = 0;
		};
/* End PBXFrameworksBuildPhase section */

/* Begin PBXGroup section */
		3A742005204E24840024AE28 = {
			isa = PBXGroup;
			children = (
				3A742010204E24840024AE28 /* selfiegramagain */,
				3A742025204E248C0024AE28 /* selfiegramagainTests */,
				3A742030204E248C0024AE28 /* selfiegramagainUITests */,
				3A74200F204E24840024AE28 /* Products */,
				F2EDE4748399787F88CCC758 /* Pods */,
				F8C64ACCDCDCB8398A065E72 /* Frameworks */,
			);
			sourceTree = "<group>";
		};
		3A74200F204E24840024AE28 /* Products */ = {
			isa = PBXGroup;
			children = (
				3A74200E204E24840024AE28 /* selfiegramagain.app */,
				3A742022204E248C0024AE28 /* selfiegramagainTests.xctest */,
				3A74202D204E248C0024AE28 /* selfiegramagainUITests.xctest */,
			);
			name = Products;
			sourceTree = "<group>";
		};
		3A742010204E24840024AE28 /* selfiegramagain */ = {
			isa = PBXGroup;
			children = (
				3AB690E72059F7BB006D2116 /* SelfieCell.swift */,
				3AAEFFC42072EA5700ADA03A /* ActivityViewControllerTableViewController.swift */,
				3AAEFFC62072EA7C00ADA03A /* ActivityCellTableViewCell.swift */,
				3A2DF425206C55990081F941 /* activity.swift */,
				3ACE96DB20532E2100CA795C /* Post.swift */,
				3A74204120506A130024AE28 /* ProfileViewController.swift */,
				3A742011204E24840024AE28 /* AppDelegate.swift */,
				3A742013204E24840024AE28 /* ViewController.swift */,
				3A742015204E24840024AE28 /* Main.storyboard */,
				3A9EC57820574820008C14C9 /* FeedViewController.swift */,
				3A7420432050B9B80024AE28 /* User.swift */,
				3A742018204E248C0024AE28 /* Assets.xcassets */,
				3A74201A204E248C0024AE28 /* LaunchScreen.storyboard */,
				3A74201D204E248C0024AE28 /* Info.plist */,
			);
			path = selfiegramagain;
			sourceTree = "<group>";
		};
		3A742025204E248C0024AE28 /* selfiegramagainTests */ = {
			isa = PBXGroup;
			children = (
				3A742026204E248C0024AE28 /* selfiegramagainTests.swift */,
				3A742028204E248C0024AE28 /* Info.plist */,
			);
			path = selfiegramagainTests;
			sourceTree = "<group>";
		};
		3A742030204E248C0024AE28 /* selfiegramagainUITests */ = {
			isa = PBXGroup;
			children = (
				3A742031204E248C0024AE28 /* selfiegramagainUITests.swift */,
				3A742033204E248C0024AE28 /* Info.plist */,
			);
			path = selfiegramagainUITests;
			sourceTree = "<group>";
		};
		F2EDE4748399787F88CCC758 /* Pods */ = {
			isa = PBXGroup;
			children = (
				41F06A1E5C7CE2EAA2DEC48A /* Pods-selfiegramagain.debug.xcconfig */,
				25AFDE75C1716E2747721217 /* Pods-selfiegramagain.release.xcconfig */,
				C2C71A57C0CC4C9ECE88863C /* Pods-selfiegramagainTests.debug.xcconfig */,
				FA7B11EEC1419729072FB830 /* Pods-selfiegramagainTests.release.xcconfig */,
				8C7C4CE054B73F783C8C2E06 /* Pods-selfiegramagainUITests.debug.xcconfig */,
				6F6E876099E67305A67A8E8B /* Pods-selfiegramagainUITests.release.xcconfig */,
			);
			name = Pods;
			sourceTree = "<group>";
		};
		F8C64ACCDCDCB8398A065E72 /* Frameworks */ = {
			isa = PBXGroup;
			children = (
				73EA6BF6F7A95D6B396E80A8 /* Pods_selfiegramagain.framework */,
				A0259E8E95544E526CE68B5B /* Pods_selfiegramagainTests.framework */,
				66081DBB3888F2FF4FCB6ED7 /* Pods_selfiegramagainUITests.framework */,
			);
			name = Frameworks;
			sourceTree = "<group>";
		};
/* End PBXGroup section */

/* Begin PBXNativeTarget section */
		3A74200D204E24840024AE28 /* selfiegramagain */ = {
			isa = PBXNativeTarget;
			buildConfigurationList = 3A742036204E248C0024AE28 /* Build configuration list for PBXNativeTarget "selfiegramagain" */;
			buildPhases = (
				850A9E6E3B0D16C0F335098D /* [CP] Check Pods Manifest.lock */,
				3A74200A204E24840024AE28 /* Sources */,
				3A74200B204E24840024AE28 /* Frameworks */,
				3A74200C204E24840024AE28 /* Resources */,
				306E38079151090B55F5D9BD /* [CP] Embed Pods Frameworks */,
				8A74EA0B599D7FE52B33DBC3 /* [CP] Copy Pods Resources */,
			);
			buildRules = (
			);
			dependencies = (
			);
			name = selfiegramagain;
			productName = selfiegramagain;
			productReference = 3A74200E204E24840024AE28 /* selfiegramagain.app */;
			productType = "com.apple.product-type.application";
		};
		3A742021204E248C0024AE28 /* selfiegramagainTests */ = {
			isa = PBXNativeTarget;
			buildConfigurationList = 3A742039204E248C0024AE28 /* Build configuration list for PBXNativeTarget "selfiegramagainTests" */;
			buildPhases = (
				77E17A86205BF90CE7C610C5 /* [CP] Check Pods Manifest.lock */,
				3A74201E204E248C0024AE28 /* Sources */,
				3A74201F204E248C0024AE28 /* Frameworks */,
				3A742020204E248C0024AE28 /* Resources */,
				8EC864B8A0743CB9EF948D5E /* [CP] Embed Pods Frameworks */,
				CB45849697C7F255293FDA8A /* [CP] Copy Pods Resources */,
			);
			buildRules = (
			);
			dependencies = (
				3A742024204E248C0024AE28 /* PBXTargetDependency */,
			);
			name = selfiegramagainTests;
			productName = selfiegramagainTests;
			productReference = 3A742022204E248C0024AE28 /* selfiegramagainTests.xctest */;
			productType = "com.apple.product-type.bundle.unit-test";
		};
		3A74202C204E248C0024AE28 /* selfiegramagainUITests */ = {
			isa = PBXNativeTarget;
			buildConfigurationList = 3A74203C204E248C0024AE28 /* Build configuration list for PBXNativeTarget "selfiegramagainUITests" */;
			buildPhases = (
				A716BEE057A5114B0397669D /* [CP] Check Pods Manifest.lock */,
				3A742029204E248C0024AE28 /* Sources */,
				3A74202A204E248C0024AE28 /* Frameworks */,
				3A74202B204E248C0024AE28 /* Resources */,
				9C2A3089E037A1304F349987 /* [CP] Embed Pods Frameworks */,
				6C6731F98377FD78E49E2467 /* [CP] Copy Pods Resources */,
			);
			buildRules = (
			);
			dependencies = (
				3A74202F204E248C0024AE28 /* PBXTargetDependency */,
			);
			name = selfiegramagainUITests;
			productName = selfiegramagainUITests;
			productReference = 3A74202D204E248C0024AE28 /* selfiegramagainUITests.xctest */;
			productType = "com.apple.product-type.bundle.ui-testing";
		};
/* End PBXNativeTarget section */

/* Begin PBXProject section */
		3A742006204E24840024AE28 /* Project object */ = {
			isa = PBXProject;
			attributes = {
				LastSwiftUpdateCheck = 0930;
				LastUpgradeCheck = 0930;
				ORGANIZATIONNAME = candice;
				TargetAttributes = {
					3A74200D204E24840024AE28 = {
						CreatedOnToolsVersion = 9.3;
						ProvisioningStyle = Automatic;
					};
					3A742021204E248C0024AE28 = {
						CreatedOnToolsVersion = 9.3;
						ProvisioningStyle = Automatic;
						TestTargetID = 3A74200D204E24840024AE28;
					};
					3A74202C204E248C0024AE28 = {
						CreatedOnToolsVersion = 9.3;
						ProvisioningStyle = Automatic;
						TestTargetID = 3A74200D204E24840024AE28;
					};
				};
			};
			buildConfigurationList = 3A742009204E24840024AE28 /* Build configuration list for PBXProject "selfiegramagain" */;
			compatibilityVersion = "Xcode 9.3";
			developmentRegion = en;
			hasScannedForEncodings = 0;
			knownRegions = (
				en,
				Base,
			);
			mainGroup = 3A742005204E24840024AE28;
			productRefGroup = 3A74200F204E24840024AE28 /* Products */;
			projectDirPath = "";
			projectRoot = "";
			targets = (
				3A74200D204E24840024AE28 /* selfiegramagain */,
				3A742021204E248C0024AE28 /* selfiegramagainTests */,
				3A74202C204E248C0024AE28 /* selfiegramagainUITests */,
			);
		};
/* End PBXProject section */

/* Begin PBXResourcesBuildPhase section */
		3A74200C204E24840024AE28 /* Resources */ = {
			isa = PBXResourcesBuildPhase;
			buildActionMask = 2147483647;
			files = (
				3A74201C204E248C0024AE28 /* LaunchScreen.storyboard in Resources */,
				3A742019204E248C0024AE28 /* Assets.xcassets in Resources */,
				3A742017204E24840024AE28 /* Main.storyboard in Resources */,
			);
			runOnlyForDeploymentPostprocessing = 0;
		};
		3A742020204E248C0024AE28 /* Resources */ = {
			isa = PBXResourcesBuildPhase;
			buildActionMask = 2147483647;
			files = (
			);
			runOnlyForDeploymentPostprocessing = 0;
		};
		3A74202B204E248C0024AE28 /* Resources */ = {
			isa = PBXResourcesBuildPhase;
			buildActionMask = 2147483647;
			files = (
			);
			runOnlyForDeploymentPostprocessing = 0;
		};
/* End PBXResourcesBuildPhase section */

/* Begin PBXShellScriptBuildPhase section */
		306E38079151090B55F5D9BD /* [CP] Embed Pods Frameworks */ = {
			isa = PBXShellScriptBuildPhase;
			buildActionMask = 2147483647;
			files = (
			);
			inputPaths = (
				"${SRCROOT}/Pods/Target Support Files/Pods-selfiegramagain/Pods-selfiegramagain-frameworks.sh",
				"${BUILT_PRODUCTS_DIR}/Bolts/Bolts.framework",
				"${BUILT_PRODUCTS_DIR}/Parse/Parse.framework",
			);
			name = "[CP] Embed Pods Frameworks";
			outputPaths = (
				"${TARGET_BUILD_DIR}/${FRAMEWORKS_FOLDER_PATH}/Bolts.framework",
				"${TARGET_BUILD_DIR}/${FRAMEWORKS_FOLDER_PATH}/Parse.framework",
			);
			runOnlyForDeploymentPostprocessing = 0;
			shellPath = /bin/sh;
			shellScript = "\"${SRCROOT}/Pods/Target Support Files/Pods-selfiegramagain/Pods-selfiegramagain-frameworks.sh\"\n";
			showEnvVarsInLog = 0;
		};
		6C6731F98377FD78E49E2467 /* [CP] Copy Pods Resources */ = {
			isa = PBXShellScriptBuildPhase;
			buildActionMask = 2147483647;
			files = (
			);
			inputPaths = (
			);
			name = "[CP] Copy Pods Resources";
			outputPaths = (
			);
			runOnlyForDeploymentPostprocessing = 0;
			shellPath = /bin/sh;
			shellScript = "\"${SRCROOT}/Pods/Target Support Files/Pods-selfiegramagainUITests/Pods-selfiegramagainUITests-resources.sh\"\n";
			showEnvVarsInLog = 0;
		};
		77E17A86205BF90CE7C610C5 /* [CP] Check Pods Manifest.lock */ = {
			isa = PBXShellScriptBuildPhase;
			buildActionMask = 2147483647;
			files = (
			);
			inputPaths = (
				"${PODS_PODFILE_DIR_PATH}/Podfile.lock",
				"${PODS_ROOT}/Manifest.lock",
			);
			name = "[CP] Check Pods Manifest.lock";
			outputPaths = (
				"$(DERIVED_FILE_DIR)/Pods-selfiegramagainTests-checkManifestLockResult.txt",
			);
			runOnlyForDeploymentPostprocessing = 0;
			shellPath = /bin/sh;
			shellScript = "diff \"${PODS_PODFILE_DIR_PATH}/Podfile.lock\" \"${PODS_ROOT}/Manifest.lock\" > /dev/null\nif [ $? != 0 ] ; then\n    # print error to STDERR\n    echo \"error: The sandbox is not in sync with the Podfile.lock. Run 'pod install' or update your CocoaPods installation.\" >&2\n    exit 1\nfi\n# This output is used by Xcode 'outputs' to avoid re-running this script phase.\necho \"SUCCESS\" > \"${SCRIPT_OUTPUT_FILE_0}\"\n";
			showEnvVarsInLog = 0;
		};
		850A9E6E3B0D16C0F335098D /* [CP] Check Pods Manifest.lock */ = {
			isa = PBXShellScriptBuildPhase;
			buildActionMask = 2147483647;
			files = (
			);
			inputPaths = (
				"${PODS_PODFILE_DIR_PATH}/Podfile.lock",
				"${PODS_ROOT}/Manifest.lock",
			);
			name = "[CP] Check Pods Manifest.lock";
			outputPaths = (
				"$(DERIVED_FILE_DIR)/Pods-selfiegramagain-checkManifestLockResult.txt",
			);
			runOnlyForDeploymentPostprocessing = 0;
			shellPath = /bin/sh;
			shellScript = "diff \"${PODS_PODFILE_DIR_PATH}/Podfile.lock\" \"${PODS_ROOT}/Manifest.lock\" > /dev/null\nif [ $? != 0 ] ; then\n    # print error to STDERR\n    echo \"error: The sandbox is not in sync with the Podfile.lock. Run 'pod install' or update your CocoaPods installation.\" >&2\n    exit 1\nfi\n# This output is used by Xcode 'outputs' to avoid re-running this script phase.\necho \"SUCCESS\" > \"${SCRIPT_OUTPUT_FILE_0}\"\n";
			showEnvVarsInLog = 0;
		};
		8A74EA0B599D7FE52B33DBC3 /* [CP] Copy Pods Resources */ = {
			isa = PBXShellScriptBuildPhase;
			buildActionMask = 2147483647;
			files = (
			);
			inputPaths = (
			);
			name = "[CP] Copy Pods Resources";
			outputPaths = (
			);
			runOnlyForDeploymentPostprocessing = 0;
			shellPath = /bin/sh;
			shellScript = "\"${SRCROOT}/Pods/Target Support Files/Pods-selfiegramagain/Pods-selfiegramagain-resources.sh\"\n";
			showEnvVarsInLog = 0;
		};
		8EC864B8A0743CB9EF948D5E /* [CP] Embed Pods Frameworks */ = {
			isa = PBXShellScriptBuildPhase;
			buildActionMask = 2147483647;
			files = (
			);
			inputPaths = (
			);
			name = "[CP] Embed Pods Frameworks";
			outputPaths = (
			);
			runOnlyForDeploymentPostprocessing = 0;
			shellPath = /bin/sh;
			shellScript = "\"${SRCROOT}/Pods/Target Support Files/Pods-selfiegramagainTests/Pods-selfiegramagainTests-frameworks.sh\"\n";
			showEnvVarsInLog = 0;
		};
		9C2A3089E037A1304F349987 /* [CP] Embed Pods Frameworks */ = {
			isa = PBXShellScriptBuildPhase;
			buildActionMask = 2147483647;
			files = (
			);
			inputPaths = (
			);
			name = "[CP] Embed Pods Frameworks";
			outputPaths = (
			);
			runOnlyForDeploymentPostprocessing = 0;
			shellPath = /bin/sh;
			shellScript = "\"${SRCROOT}/Pods/Target Support Files/Pods-selfiegramagainUITests/Pods-selfiegramagainUITests-frameworks.sh\"\n";
			showEnvVarsInLog = 0;
		};
		A716BEE057A5114B0397669D /* [CP] Check Pods Manifest.lock */ = {
			isa = PBXShellScriptBuildPhase;
			buildActionMask = 2147483647;
			files = (
			);
			inputPaths = (
				"${PODS_PODFILE_DIR_PATH}/Podfile.lock",
				"${PODS_ROOT}/Manifest.lock",
			);
			name = "[CP] Check Pods Manifest.lock";
			outputPaths = (
				"$(DERIVED_FILE_DIR)/Pods-selfiegramagainUITests-checkManifestLockResult.txt",
			);
			runOnlyForDeploymentPostprocessing = 0;
			shellPath = /bin/sh;
			shellScript = "diff \"${PODS_PODFILE_DIR_PATH}/Podfile.lock\" \"${PODS_ROOT}/Manifest.lock\" > /dev/null\nif [ $? != 0 ] ; then\n    # print error to STDERR\n    echo \"error: The sandbox is not in sync with the Podfile.lock. Run 'pod install' or update your CocoaPods installation.\" >&2\n    exit 1\nfi\n# This output is used by Xcode 'outputs' to avoid re-running this script phase.\necho \"SUCCESS\" > \"${SCRIPT_OUTPUT_FILE_0}\"\n";
			showEnvVarsInLog = 0;
		};
		CB45849697C7F255293FDA8A /* [CP] Copy Pods Resources */ = {
			isa = PBXShellScriptBuildPhase;
			buildActionMask = 2147483647;
			files = (
			);
			inputPaths = (
			);
			name = "[CP] Copy Pods Resources";
			outputPaths = (
			);
			runOnlyForDeploymentPostprocessing = 0;
			shellPath = /bin/sh;
			shellScript = "\"${SRCROOT}/Pods/Target Support Files/Pods-selfiegramagainTests/Pods-selfiegramagainTests-resources.sh\"\n";
			showEnvVarsInLog = 0;
		};
/* End PBXShellScriptBuildPhase section */

/* Begin PBXSourcesBuildPhase section */
		3A74200A204E24840024AE28 /* Sources */ = {
			isa = PBXSourcesBuildPhase;
			buildActionMask = 2147483647;
			files = (
				3AAEFFC72072EA7C00ADA03A /* ActivityCellTableViewCell.swift in Sources */,
				3A7420442050B9B80024AE28 /* User.swift in Sources */,
				3A74204220506A130024AE28 /* ProfileViewController.swift in Sources */,
				3AB690E82059F7BB006D2116 /* SelfieCell.swift in Sources */,
				3A742014204E24840024AE28 /* ViewController.swift in Sources */,
				3A742012204E24840024AE28 /* AppDelegate.swift in Sources */,
				3AAEFFC52072EA5700ADA03A /* ActivityViewControllerTableViewController.swift in Sources */,
				3A9EC57920574820008C14C9 /* FeedViewController.swift in Sources */,
				3A2DF426206C55990081F941 /* activity.swift in Sources */,
				3ACE96DC20532E2100CA795C /* Post.swift in Sources */,
			);
			runOnlyForDeploymentPostprocessing = 0;
		};
		3A74201E204E248C0024AE28 /* Sources */ = {
			isa = PBXSourcesBuildPhase;
			buildActionMask = 2147483647;
			files = (
				3A742027204E248C0024AE28 /* selfiegramagainTests.swift in Sources */,
			);
			runOnlyForDeploymentPostprocessing = 0;
		};
		3A742029204E248C0024AE28 /* Sources */ = {
			isa = PBXSourcesBuildPhase;
			buildActionMask = 2147483647;
			files = (
				3A742032204E248C0024AE28 /* selfiegramagainUITests.swift in Sources */,
			);
			runOnlyForDeploymentPostprocessing = 0;
		};
/* End PBXSourcesBuildPhase section */

/* Begin PBXTargetDependency section */
		3A742024204E248C0024AE28 /* PBXTargetDependency */ = {
			isa = PBXTargetDependency;
			target = 3A74200D204E24840024AE28 /* selfiegramagain */;
			targetProxy = 3A742023204E248C0024AE28 /* PBXContainerItemProxy */;
		};
		3A74202F204E248C0024AE28 /* PBXTargetDependency */ = {
			isa = PBXTargetDependency;
			target = 3A74200D204E24840024AE28 /* selfiegramagain */;
			targetProxy = 3A74202E204E248C0024AE28 /* PBXContainerItemProxy */;
		};
/* End PBXTargetDependency section */

/* Begin PBXVariantGroup section */
		3A742015204E24840024AE28 /* Main.storyboard */ = {
			isa = PBXVariantGroup;
			children = (
				3A742016204E24840024AE28 /* Base */,
			);
			name = Main.storyboard;
			sourceTree = "<group>";
		};
		3A74201A204E248C0024AE28 /* LaunchScreen.storyboard */ = {
			isa = PBXVariantGroup;
			children = (
				3A74201B204E248C0024AE28 /* Base */,
			);
			name = LaunchScreen.storyboard;
			sourceTree = "<group>";
		};
/* End PBXVariantGroup section */

/* Begin XCBuildConfiguration section */
		3A742034204E248C0024AE28 /* Debug */ = {
			isa = XCBuildConfiguration;
			buildSettings = {
				ALWAYS_SEARCH_USER_PATHS = NO;
				CLANG_ANALYZER_NONNULL = YES;
				CLANG_ANALYZER_NUMBER_OBJECT_CONVERSION = YES_AGGRESSIVE;
				CLANG_CXX_LANGUAGE_STANDARD = "gnu++14";
				CLANG_CXX_LIBRARY = "libc++";
				CLANG_ENABLE_MODULES = YES;
				CLANG_ENABLE_OBJC_ARC = YES;
				CLANG_ENABLE_OBJC_WEAK = YES;
				CLANG_WARN_BLOCK_CAPTURE_AUTORELEASING = YES;
				CLANG_WARN_BOOL_CONVERSION = YES;
				CLANG_WARN_COMMA = YES;
				CLANG_WARN_CONSTANT_CONVERSION = YES;
				CLANG_WARN_DEPRECATED_OBJC_IMPLEMENTATIONS = YES;
				CLANG_WARN_DIRECT_OBJC_ISA_USAGE = YES_ERROR;
				CLANG_WARN_DOCUMENTATION_COMMENTS = YES;
				CLANG_WARN_EMPTY_BODY = YES;
				CLANG_WARN_ENUM_CONVERSION = YES;
				CLANG_WARN_INFINITE_RECURSION = YES;
				CLANG_WARN_INT_CONVERSION = YES;
				CLANG_WARN_NON_LITERAL_NULL_CONVERSION = YES;
				CLANG_WARN_OBJC_IMPLICIT_RETAIN_SELF = YES;
				CLANG_WARN_OBJC_LITERAL_CONVERSION = YES;
				CLANG_WARN_OBJC_ROOT_CLASS = YES_ERROR;
				CLANG_WARN_RANGE_LOOP_ANALYSIS = YES;
				CLANG_WARN_STRICT_PROTOTYPES = YES;
				CLANG_WARN_SUSPICIOUS_MOVE = YES;
				CLANG_WARN_UNGUARDED_AVAILABILITY = YES_AGGRESSIVE;
				CLANG_WARN_UNREACHABLE_CODE = YES;
				CLANG_WARN__DUPLICATE_METHOD_MATCH = YES;
				CODE_SIGN_IDENTITY = "iPhone Developer";
				COPY_PHASE_STRIP = NO;
				DEBUG_INFORMATION_FORMAT = dwarf;
				ENABLE_STRICT_OBJC_MSGSEND = YES;
				ENABLE_TESTABILITY = YES;
				GCC_C_LANGUAGE_STANDARD = gnu11;
				GCC_DYNAMIC_NO_PIC = NO;
				GCC_NO_COMMON_BLOCKS = YES;
				GCC_OPTIMIZATION_LEVEL = 0;
				GCC_PREPROCESSOR_DEFINITIONS = (
					"DEBUG=1",
					"$(inherited)",
				);
				GCC_WARN_64_TO_32_BIT_CONVERSION = YES;
				GCC_WARN_ABOUT_RETURN_TYPE = YES_ERROR;
				GCC_WARN_UNDECLARED_SELECTOR = YES;
				GCC_WARN_UNINITIALIZED_AUTOS = YES_AGGRESSIVE;
				GCC_WARN_UNUSED_FUNCTION = YES;
				GCC_WARN_UNUSED_VARIABLE = YES;
				IPHONEOS_DEPLOYMENT_TARGET = 11.3;
				MTL_ENABLE_DEBUG_INFO = YES;
				ONLY_ACTIVE_ARCH = YES;
				SDKROOT = iphoneos;
				SWIFT_ACTIVE_COMPILATION_CONDITIONS = DEBUG;
				SWIFT_COMPILATION_MODE = singlefile;
				SWIFT_OPTIMIZATION_LEVEL = "-Onone";
			};
			name = Debug;
		};
		3A742035204E248C0024AE28 /* Release */ = {
			isa = XCBuildConfiguration;
			buildSettings = {
				ALWAYS_SEARCH_USER_PATHS = NO;
				CLANG_ANALYZER_NONNULL = YES;
				CLANG_ANALYZER_NUMBER_OBJECT_CONVERSION = YES_AGGRESSIVE;
				CLANG_CXX_LANGUAGE_STANDARD = "gnu++14";
				CLANG_CXX_LIBRARY = "libc++";
				CLANG_ENABLE_MODULES = YES;
				CLANG_ENABLE_OBJC_ARC = YES;
				CLANG_ENABLE_OBJC_WEAK = YES;
				CLANG_WARN_BLOCK_CAPTURE_AUTORELEASING = YES;
				CLANG_WARN_BOOL_CONVERSION = YES;
				CLANG_WARN_COMMA = YES;
				CLANG_WARN_CONSTANT_CONVERSION = YES;
				CLANG_WARN_DEPRECATED_OBJC_IMPLEMENTATIONS = YES;
				CLANG_WARN_DIRECT_OBJC_ISA_USAGE = YES_ERROR;
				CLANG_WARN_DOCUMENTATION_COMMENTS = YES;
				CLANG_WARN_EMPTY_BODY = YES;
				CLANG_WARN_ENUM_CONVERSION = YES;
				CLANG_WARN_INFINITE_RECURSION = YES;
				CLANG_WARN_INT_CONVERSION = YES;
				CLANG_WARN_NON_LITERAL_NULL_CONVERSION = YES;
				CLANG_WARN_OBJC_IMPLICIT_RETAIN_SELF = YES;
				CLANG_WARN_OBJC_LITERAL_CONVERSION = YES;
				CLANG_WARN_OBJC_ROOT_CLASS = YES_ERROR;
				CLANG_WARN_RANGE_LOOP_ANALYSIS = YES;
				CLANG_WARN_STRICT_PROTOTYPES = YES;
				CLANG_WARN_SUSPICIOUS_MOVE = YES;
				CLANG_WARN_UNGUARDED_AVAILABILITY = YES_AGGRESSIVE;
				CLANG_WARN_UNREACHABLE_CODE = YES;
				CLANG_WARN__DUPLICATE_METHOD_MATCH = YES;
				CODE_SIGN_IDENTITY = "iPhone Developer";
				COPY_PHASE_STRIP = NO;
				DEBUG_INFORMATION_FORMAT = "dwarf-with-dsym";
				ENABLE_NS_ASSERTIONS = NO;
				ENABLE_STRICT_OBJC_MSGSEND = YES;
				GCC_C_LANGUAGE_STANDARD = gnu11;
				GCC_NO_COMMON_BLOCKS = YES;
				GCC_WARN_64_TO_32_BIT_CONVERSION = YES;
				GCC_WARN_ABOUT_RETURN_TYPE = YES_ERROR;
				GCC_WARN_UNDECLARED_SELECTOR = YES;
				GCC_WARN_UNINITIALIZED_AUTOS = YES_AGGRESSIVE;
				GCC_WARN_UNUSED_FUNCTION = YES;
				GCC_WARN_UNUSED_VARIABLE = YES;
				IPHONEOS_DEPLOYMENT_TARGET = 11.3;
				MTL_ENABLE_DEBUG_INFO = NO;
				SDKROOT = iphoneos;
				SWIFT_COMPILATION_MODE = wholemodule;
				SWIFT_OPTIMIZATION_LEVEL = "-O";
				VALIDATE_PRODUCT = YES;
			};
			name = Release;
		};
		3A742037204E248C0024AE28 /* Debug */ = {
			isa = XCBuildConfiguration;
			baseConfigurationReference = 41F06A1E5C7CE2EAA2DEC48A /* Pods-selfiegramagain.debug.xcconfig */;
			buildSettings = {
				ASSETCATALOG_COMPILER_APPICON_NAME = AppIcon;
				CODE_SIGN_STYLE = Automatic;
				INFOPLIST_FILE = selfiegramagain/Info.plist;
				LD_RUNPATH_SEARCH_PATHS = (
					"$(inherited)",
					"@executable_path/Frameworks",
				);
				PRODUCT_BUNDLE_IDENTIFIER = candice.selfiegramagain;
				PRODUCT_NAME = "$(TARGET_NAME)";
				SWIFT_VERSION = 4.0;
				TARGETED_DEVICE_FAMILY = "1,2";
			};
			name = Debug;
		};
		3A742038204E248C0024AE28 /* Release */ = {
			isa = XCBuildConfiguration;
			baseConfigurationReference = 25AFDE75C1716E2747721217 /* Pods-selfiegramagain.release.xcconfig */;
			buildSettings = {
				ASSETCATALOG_COMPILER_APPICON_NAME = AppIcon;
				CODE_SIGN_STYLE = Automatic;
				INFOPLIST_FILE = selfiegramagain/Info.plist;
				LD_RUNPATH_SEARCH_PATHS = (
					"$(inherited)",
					"@executable_path/Frameworks",
				);
				PRODUCT_BUNDLE_IDENTIFIER = candice.selfiegramagain;
				PRODUCT_NAME = "$(TARGET_NAME)";
				SWIFT_VERSION = 4.0;
				TARGETED_DEVICE_FAMILY = "1,2";
			};
			name = Release;
		};
		3A74203A204E248C0024AE28 /* Debug */ = {
			isa = XCBuildConfiguration;
			baseConfigurationReference = C2C71A57C0CC4C9ECE88863C /* Pods-selfiegramagainTests.debug.xcconfig */;
			buildSettings = {
				ALWAYS_EMBED_SWIFT_STANDARD_LIBRARIES = YES;
				BUNDLE_LOADER = "$(TEST_HOST)";
				CODE_SIGN_STYLE = Automatic;
				INFOPLIST_FILE = selfiegramagainTests/Info.plist;
				LD_RUNPATH_SEARCH_PATHS = (
					"$(inherited)",
					"@executable_path/Frameworks",
					"@loader_path/Frameworks",
				);
				PRODUCT_BUNDLE_IDENTIFIER = candice.selfiegramagainTests;
				PRODUCT_NAME = "$(TARGET_NAME)";
				SWIFT_VERSION = 4.0;
				TARGETED_DEVICE_FAMILY = "1,2";
				TEST_HOST = "$(BUILT_PRODUCTS_DIR)/selfiegramagain.app/selfiegramagain";
			};
			name = Debug;
		};
		3A74203B204E248C0024AE28 /* Release */ = {
			isa = XCBuildConfiguration;
			baseConfigurationReference = FA7B11EEC1419729072FB830 /* Pods-selfiegramagainTests.release.xcconfig */;
			buildSettings = {
				ALWAYS_EMBED_SWIFT_STANDARD_LIBRARIES = YES;
				BUNDLE_LOADER = "$(TEST_HOST)";
				CODE_SIGN_STYLE = Automatic;
				INFOPLIST_FILE = selfiegramagainTests/Info.plist;
				LD_RUNPATH_SEARCH_PATHS = (
					"$(inherited)",
					"@executable_path/Frameworks",
					"@loader_path/Frameworks",
				);
				PRODUCT_BUNDLE_IDENTIFIER = candice.selfiegramagainTests;
				PRODUCT_NAME = "$(TARGET_NAME)";
				SWIFT_VERSION = 4.0;
				TARGETED_DEVICE_FAMILY = "1,2";
				TEST_HOST = "$(BUILT_PRODUCTS_DIR)/selfiegramagain.app/selfiegramagain";
			};
			name = Release;
		};
		3A74203D204E248C0024AE28 /* Debug */ = {
			isa = XCBuildConfiguration;
			baseConfigurationReference = 8C7C4CE054B73F783C8C2E06 /* Pods-selfiegramagainUITests.debug.xcconfig */;
			buildSettings = {
				ALWAYS_EMBED_SWIFT_STANDARD_LIBRARIES = YES;
				CODE_SIGN_STYLE = Automatic;
				INFOPLIST_FILE = selfiegramagainUITests/Info.plist;
				LD_RUNPATH_SEARCH_PATHS = (
					"$(inherited)",
					"@executable_path/Frameworks",
					"@loader_path/Frameworks",
				);
				PRODUCT_BUNDLE_IDENTIFIER = candice.selfiegramagainUITests;
				PRODUCT_NAME = "$(TARGET_NAME)";
				SWIFT_VERSION = 4.0;
				TARGETED_DEVICE_FAMILY = "1,2";
				TEST_TARGET_NAME = selfiegramagain;
			};
			name = Debug;
		};
		3A74203E204E248C0024AE28 /* Release */ = {
			isa = XCBuildConfiguration;
			baseConfigurationReference = 6F6E876099E67305A67A8E8B /* Pods-selfiegramagainUITests.release.xcconfig */;
			buildSettings = {
				ALWAYS_EMBED_SWIFT_STANDARD_LIBRARIES = YES;
				CODE_SIGN_STYLE = Automatic;
				INFOPLIST_FILE = selfiegramagainUITests/Info.plist;
				LD_RUNPATH_SEARCH_PATHS = (
					"$(inherited)",
					"@executable_path/Frameworks",
					"@loader_path/Frameworks",
				);
				PRODUCT_BUNDLE_IDENTIFIER = candice.selfiegramagainUITests;
				PRODUCT_NAME = "$(TARGET_NAME)";
				SWIFT_VERSION = 4.0;
				TARGETED_DEVICE_FAMILY = "1,2";
				TEST_TARGET_NAME = selfiegramagain;
			};
			name = Release;
		};
/* End XCBuildConfiguration section */

/* Begin XCConfigurationList section */
		3A742009204E24840024AE28 /* Build configuration list for PBXProject "selfiegramagain" */ = {
			isa = XCConfigurationList;
			buildConfigurations = (
				3A742034204E248C0024AE28 /* Debug */,
				3A742035204E248C0024AE28 /* Release */,
			);
			defaultConfigurationIsVisible = 0;
			defaultConfigurationName = Release;
		};
		3A742036204E248C0024AE28 /* Build configuration list for PBXNativeTarget "selfiegramagain" */ = {
			isa = XCConfigurationList;
			buildConfigurations = (
				3A742037204E248C0024AE28 /* Debug */,
				3A742038204E248C0024AE28 /* Release */,
			);
			defaultConfigurationIsVisible = 0;
			defaultConfigurationName = Release;
		};
		3A742039204E248C0024AE28 /* Build configuration list for PBXNativeTarget "selfiegramagainTests" */ = {
			isa = XCConfigurationList;
			buildConfigurations = (
				3A74203A204E248C0024AE28 /* Debug */,
				3A74203B204E248C0024AE28 /* Release */,
			);
			defaultConfigurationIsVisible = 0;
			defaultConfigurationName = Release;
		};
		3A74203C204E248C0024AE28 /* Build configuration list for PBXNativeTarget "selfiegramagainUITests" */ = {
			isa = XCConfigurationList;
			buildConfigurations = (
				3A74203D204E248C0024AE28 /* Debug */,
				3A74203E204E248C0024AE28 /* Release */,
			);
			defaultConfigurationIsVisible = 0;
			defaultConfigurationName = Release;
		};
/* End XCConfigurationList section */
	};
	rootObject = 3A742006204E24840024AE28 /* Project object */;
}
